
Microsoft Visual Studio Solution File, Format Version 12.00
# Visual Studio Version 16
VisualStudioVersion = 16.0.30104.148
MinimumVisualStudioVersion = 10.0.40219.1
Project("{FAE04EC0-301F-11D3-BF4B-00C04F79EFBC}") = "Entidades", "Entidades\Entidades.csproj", "{8E1CE4D8-E96E-4311-AD5F-915F752B4F97}"
EndProject
Project("{FAE04EC0-301F-11D3-BF4B-00C04F79EFBC}") = "Saraff.Twain.Wpf.Sample2", "Saraff.Twain.Wpf.Sample2\Saraff.Twain.Wpf.Sample2.csproj", "{1F70F937-BB0A-4626-96DA-557E88E9F6BC}"
EndProject
Project("{FAE04EC0-301F-11D3-BF4B-00C04F79EFBC}") = "EDSDKWrapper.UI", "Camara\EDSDKWrapper.UI\EDSDKWrapper.UI.csproj", "{CEB4AF23-F678-496C-A272-B805926354E8}"
EndProject
Project("{FAE04EC0-301F-11D3-BF4B-00C04F79EFBC}") = "EDSDKWrapper.Framework", "Camara\EDSDKWrapper.Framework\EDSDKWrapper.Framework.csproj", "{0D665BF9-D09F-41BA-8031-C8156925F79A}"
EndProject
Project("{FAE04EC0-301F-11D3-BF4B-00C04F79EFBC}") = "sigPlusNET_wpfDemo", "sigPlusNET_wpfDemo1\sigPlusNET_wpfDemo.csproj", "{9167F243-E5A1-447E-B47C-D117F5637FE3}"
EndProject
Project("{FAE04EC0-301F-11D3-BF4B-00C04F79EFBC}") = "Finger", "Finger\Finger.csproj", "{B6CCDA11-BE06-4D3B-BB87-979D5905F545}"
EndProject
Project("{FAE04EC0-301F-11D3-BF4B-00C04F79EFBC}") = "DataPUE", "DataPUE\DataPUE.csproj", "{CE957B99-E8B3-4F31-9F0A-03C10D9BB9EB}"
EndProject
Project("{FAE04EC0-301F-11D3-BF4B-00C04F79EFBC}") = "Chihuahua", "LPUE_UI\Chihuahua.csproj", "{07AED4E8-BD38-4F36-8837-959153ACB066}"
EndProject
Project("{FAE04EC0-301F-11D3-BF4B-00C04F79EFBC}") = "PUELicencia_Huella", "PUELicencia_Huella\PUELicencia_Huella.csproj", "{BD2E8FF2-D19D-4AA2-B9FA-5DB30DCF3818}"
EndProject
Project("{FAE04EC0-301F-11D3-BF4B-00C04F79EFBC}") = "PUELicencia_ImprimeCard", "PUELicencia_ImprimeCard\PUELicencia_ImprimeCard.csproj", "{67C45F5A-4C26-48CF-8B87-18AA054D49DF}"
EndProject
Project("{FAE04EC0-301F-11D3-BF4B-00C04F79EFBC}") = "FotoLicMost", "FotoLicMost\FotoLicMost.csproj", "{A6ADE708-D1B1-41D9-80F6-9A1DEEC79E36}"
EndProject
Global
	GlobalSection(SolutionConfigurationPlatforms) = preSolution
		Debug|Any CPU = Debug|Any CPU
		Debug|Mixed Platforms = Debug|Mixed Platforms
		Debug|x64 = Debug|x64
		Debug|x86 = Debug|x86
		Release|Any CPU = Release|Any CPU
		Release|Mixed Platforms = Release|Mixed Platforms
		Release|x64 = Release|x64
		Release|x86 = Release|x86
		x64debug|Any CPU = x64debug|Any CPU
		x64debug|Mixed Platforms = x64debug|Mixed Platforms
		x64debug|x64 = x64debug|x64
		x64debug|x86 = x64debug|x86
		x64release|Any CPU = x64release|Any CPU
		x64release|Mixed Platforms = x64release|Mixed Platforms
		x64release|x64 = x64release|x64
		x64release|x86 = x64release|x86
	EndGlobalSection
	GlobalSection(ProjectConfigurationPlatforms) = postSolution
		{8E1CE4D8-E96E-4311-AD5F-915F752B4F97}.Debug|Any CPU.ActiveCfg = Debug|Any CPU
		{8E1CE4D8-E96E-4311-AD5F-915F752B4F97}.Debug|Any CPU.Build.0 = Debug|Any CPU
		{8E1CE4D8-E96E-4311-AD5F-915F752B4F97}.Debug|Mixed Platforms.ActiveCfg = Debug|Any CPU
		{8E1CE4D8-E96E-4311-AD5F-915F752B4F97}.Debug|Mixed Platforms.Build.0 = Debug|Any CPU
		{8E1CE4D8-E96E-4311-AD5F-915F752B4F97}.Debug|x64.ActiveCfg = Debug|Any CPU
		{8E1CE4D8-E96E-4311-AD5F-915F752B4F97}.Debug|x64.Build.0 = Debug|Any CPU
		{8E1CE4D8-E96E-4311-AD5F-915F752B4F97}.Debug|x86.ActiveCfg = Debug|Any CPU
		{8E1CE4D8-E96E-4311-AD5F-915F752B4F97}.Release|Any CPU.ActiveCfg = Release|Any CPU
		{8E1CE4D8-E96E-4311-AD5F-915F752B4F97}.Release|Any CPU.Build.0 = Release|Any CPU
		{8E1CE4D8-E96E-4311-AD5F-915F752B4F97}.Release|Mixed Platforms.ActiveCfg = Release|Any CPU
		{8E1CE4D8-E96E-4311-AD5F-915F752B4F97}.Release|Mixed Platforms.Build.0 = Release|Any CPU
		{8E1CE4D8-E96E-4311-AD5F-915F752B4F97}.Release|x64.ActiveCfg = Release|Any CPU
		{8E1CE4D8-E96E-4311-AD5F-915F752B4F97}.Release|x64.Build.0 = Release|Any CPU
		{8E1CE4D8-E96E-4311-AD5F-915F752B4F97}.Release|x86.ActiveCfg = Release|Any CPU
		{8E1CE4D8-E96E-4311-AD5F-915F752B4F97}.x64debug|Any CPU.ActiveCfg = Release|Any CPU
		{8E1CE4D8-E96E-4311-AD5F-915F752B4F97}.x64debug|Any CPU.Build.0 = Release|Any CPU
		{8E1CE4D8-E96E-4311-AD5F-915F752B4F97}.x64debug|Mixed Platforms.ActiveCfg = Release|Any CPU
		{8E1CE4D8-E96E-4311-AD5F-915F752B4F97}.x64debug|Mixed Platforms.Build.0 = Release|Any CPU
		{8E1CE4D8-E96E-4311-AD5F-915F752B4F97}.x64debug|x64.ActiveCfg = Release|Any CPU
		{8E1CE4D8-E96E-4311-AD5F-915F752B4F97}.x64debug|x64.Build.0 = Release|Any CPU
		{8E1CE4D8-E96E-4311-AD5F-915F752B4F97}.x64debug|x86.ActiveCfg = Release|Any CPU
		{8E1CE4D8-E96E-4311-AD5F-915F752B4F97}.x64debug|x86.Build.0 = Release|Any CPU
		{8E1CE4D8-E96E-4311-AD5F-915F752B4F97}.x64release|Any CPU.ActiveCfg = Release|Any CPU
		{8E1CE4D8-E96E-4311-AD5F-915F752B4F97}.x64release|Any CPU.Build.0 = Release|Any CPU
		{8E1CE4D8-E96E-4311-AD5F-915F752B4F97}.x64release|Mixed Platforms.ActiveCfg = Release|Any CPU
		{8E1CE4D8-E96E-4311-AD5F-915F752B4F97}.x64release|Mixed Platforms.Build.0 = Release|Any CPU
		{8E1CE4D8-E96E-4311-AD5F-915F752B4F97}.x64release|x64.ActiveCfg = Release|Any CPU
		{8E1CE4D8-E96E-4311-AD5F-915F752B4F97}.x64release|x64.Build.0 = Release|Any CPU
		{8E1CE4D8-E96E-4311-AD5F-915F752B4F97}.x64release|x86.ActiveCfg = Release|Any CPU
		{8E1CE4D8-E96E-4311-AD5F-915F752B4F97}.x64release|x86.Build.0 = Release|Any CPU
		{1F70F937-BB0A-4626-96DA-557E88E9F6BC}.Debug|Any CPU.ActiveCfg = Debug|Any CPU
		{1F70F937-BB0A-4626-96DA-557E88E9F6BC}.Debug|Any CPU.Build.0 = Debug|Any CPU
		{1F70F937-BB0A-4626-96DA-557E88E9F6BC}.Debug|Mixed Platforms.ActiveCfg = Debug|x86
		{1F70F937-BB0A-4626-96DA-557E88E9F6BC}.Debug|Mixed Platforms.Build.0 = Debug|x86
		{1F70F937-BB0A-4626-96DA-557E88E9F6BC}.Debug|x64.ActiveCfg = Debug|Any CPU
		{1F70F937-BB0A-4626-96DA-557E88E9F6BC}.Debug|x64.Build.0 = Debug|Any CPU
		{1F70F937-BB0A-4626-96DA-557E88E9F6BC}.Debug|x86.ActiveCfg = Debug|x86
		{1F70F937-BB0A-4626-96DA-557E88E9F6BC}.Debug|x86.Build.0 = Debug|x86
		{1F70F937-BB0A-4626-96DA-557E88E9F6BC}.Release|Any CPU.ActiveCfg = Release|Any CPU
		{1F70F937-BB0A-4626-96DA-557E88E9F6BC}.Release|Any CPU.Build.0 = Release|Any CPU
		{1F70F937-BB0A-4626-96DA-557E88E9F6BC}.Release|Mixed Platforms.ActiveCfg = Release|x86
		{1F70F937-BB0A-4626-96DA-557E88E9F6BC}.Release|Mixed Platforms.Build.0 = Release|x86
		{1F70F937-BB0A-4626-96DA-557E88E9F6BC}.Release|x64.ActiveCfg = Release|Any CPU
		{1F70F937-BB0A-4626-96DA-557E88E9F6BC}.Release|x64.Build.0 = Release|Any CPU
		{1F70F937-BB0A-4626-96DA-557E88E9F6BC}.Release|x86.ActiveCfg = Release|x86
		{1F70F937-BB0A-4626-96DA-557E88E9F6BC}.Release|x86.Build.0 = Release|x86
		{1F70F937-BB0A-4626-96DA-557E88E9F6BC}.x64debug|Any CPU.ActiveCfg = Release|Any CPU
		{1F70F937-BB0A-4626-96DA-557E88E9F6BC}.x64debug|Any CPU.Build.0 = Release|Any CPU
		{1F70F937-BB0A-4626-96DA-557E88E9F6BC}.x64debug|Mixed Platforms.ActiveCfg = Release|x86
		{1F70F937-BB0A-4626-96DA-557E88E9F6BC}.x64debug|Mixed Platforms.Build.0 = Release|x86
		{1F70F937-BB0A-4626-96DA-557E88E9F6BC}.x64debug|x64.ActiveCfg = Release|Any CPU
		{1F70F937-BB0A-4626-96DA-557E88E9F6BC}.x64debug|x64.Build.0 = Release|Any CPU
		{1F70F937-BB0A-4626-96DA-557E88E9F6BC}.x64debug|x86.ActiveCfg = Release|x86
		{1F70F937-BB0A-4626-96DA-557E88E9F6BC}.x64debug|x86.Build.0 = Release|x86
		{1F70F937-BB0A-4626-96DA-557E88E9F6BC}.x64release|Any CPU.ActiveCfg = Release|Any CPU
		{1F70F937-BB0A-4626-96DA-557E88E9F6BC}.x64release|Any CPU.Build.0 = Release|Any CPU
		{1F70F937-BB0A-4626-96DA-557E88E9F6BC}.x64release|Mixed Platforms.ActiveCfg = Release|x86
		{1F70F937-BB0A-4626-96DA-557E88E9F6BC}.x64release|Mixed Platforms.Build.0 = Release|x86
		{1F70F937-BB0A-4626-96DA-557E88E9F6BC}.x64release|x64.ActiveCfg = Release|Any CPU
		{1F70F937-BB0A-4626-96DA-557E88E9F6BC}.x64release|x64.Build.0 = Release|Any CPU
		{1F70F937-BB0A-4626-96DA-557E88E9F6BC}.x64release|x86.ActiveCfg = Release|x86
		{1F70F937-BB0A-4626-96DA-557E88E9F6BC}.x64release|x86.Build.0 = Release|x86
		{CEB4AF23-F678-496C-A272-B805926354E8}.Debug|Any CPU.ActiveCfg = Debug|x86
		{CEB4AF23-F678-496C-A272-B805926354E8}.Debug|Mixed Platforms.ActiveCfg = Debug|x86
		{CEB4AF23-F678-496C-A272-B805926354E8}.Debug|Mixed Platforms.Build.0 = Debug|x86
		{CEB4AF23-F678-496C-A272-B805926354E8}.Debug|x64.ActiveCfg = Debug|x86
		{CEB4AF23-F678-496C-A272-B805926354E8}.Debug|x86.ActiveCfg = Debug|x86
		{CEB4AF23-F678-496C-A272-B805926354E8}.Debug|x86.Build.0 = Debug|x86
		{CEB4AF23-F678-496C-A272-B805926354E8}.Release|Any CPU.ActiveCfg = Release|x86
		{CEB4AF23-F678-496C-A272-B805926354E8}.Release|Mixed Platforms.ActiveCfg = Release|x86
		{CEB4AF23-F678-496C-A272-B805926354E8}.Release|Mixed Platforms.Build.0 = Release|x86
		{CEB4AF23-F678-496C-A272-B805926354E8}.Release|x64.ActiveCfg = Release|x86
		{CEB4AF23-F678-496C-A272-B805926354E8}.Release|x86.ActiveCfg = Release|x86
		{CEB4AF23-F678-496C-A272-B805926354E8}.Release|x86.Build.0 = Release|x86
		{CEB4AF23-F678-496C-A272-B805926354E8}.x64debug|Any CPU.ActiveCfg = Release|x86
		{CEB4AF23-F678-496C-A272-B805926354E8}.x64debug|Any CPU.Build.0 = Release|x86
		{CEB4AF23-F678-496C-A272-B805926354E8}.x64debug|Mixed Platforms.ActiveCfg = Release|x86
		{CEB4AF23-F678-496C-A272-B805926354E8}.x64debug|Mixed Platforms.Build.0 = Release|x86
		{CEB4AF23-F678-496C-A272-B805926354E8}.x64debug|x64.ActiveCfg = Release|x86
		{CEB4AF23-F678-496C-A272-B805926354E8}.x64debug|x64.Build.0 = Release|x86
		{CEB4AF23-F678-496C-A272-B805926354E8}.x64debug|x86.ActiveCfg = Release|x86
		{CEB4AF23-F678-496C-A272-B805926354E8}.x64debug|x86.Build.0 = Release|x86
		{CEB4AF23-F678-496C-A272-B805926354E8}.x64release|Any CPU.ActiveCfg = Release|x86
		{CEB4AF23-F678-496C-A272-B805926354E8}.x64release|Any CPU.Build.0 = Release|x86
		{CEB4AF23-F678-496C-A272-B805926354E8}.x64release|Mixed Platforms.ActiveCfg = Release|x86
		{CEB4AF23-F678-496C-A272-B805926354E8}.x64release|Mixed Platforms.Build.0 = Release|x86
		{CEB4AF23-F678-496C-A272-B805926354E8}.x64release|x64.ActiveCfg = Release|x86
		{CEB4AF23-F678-496C-A272-B805926354E8}.x64release|x64.Build.0 = Release|x86
		{CEB4AF23-F678-496C-A272-B805926354E8}.x64release|x86.ActiveCfg = Release|x86
		{CEB4AF23-F678-496C-A272-B805926354E8}.x64release|x86.Build.0 = Release|x86
		{0D665BF9-D09F-41BA-8031-C8156925F79A}.Debug|Any CPU.ActiveCfg = Debug|Any CPU
		{0D665BF9-D09F-41BA-8031-C8156925F79A}.Debug|Any CPU.Build.0 = Debug|Any CPU
		{0D665BF9-D09F-41BA-8031-C8156925F79A}.Debug|Mixed Platforms.ActiveCfg = Debug|Any CPU
		{0D665BF9-D09F-41BA-8031-C8156925F79A}.Debug|Mixed Platforms.Build.0 = Debug|Any CPU
		{0D665BF9-D09F-41BA-8031-C8156925F79A}.Debug|x64.ActiveCfg = Debug|Any CPU
		{0D665BF9-D09F-41BA-8031-C8156925F79A}.Debug|x64.Build.0 = Debug|Any CPU
		{0D665BF9-D09F-41BA-8031-C8156925F79A}.Debug|x86.ActiveCfg = Debug|Any CPU
		{0D665BF9-D09F-41BA-8031-C8156925F79A}.Release|Any CPU.ActiveCfg = Release|Any CPU
		{0D665BF9-D09F-41BA-8031-C8156925F79A}.Release|Any CPU.Build.0 = Release|Any CPU
		{0D665BF9-D09F-41BA-8031-C8156925F79A}.Release|Mixed Platforms.ActiveCfg = Release|Any CPU
		{0D665BF9-D09F-41BA-8031-C8156925F79A}.Release|Mixed Platforms.Build.0 = Release|Any CPU
		{0D665BF9-D09F-41BA-8031-C8156925F79A}.Release|x64.ActiveCfg = Release|Any CPU
		{0D665BF9-D09F-41BA-8031-C8156925F79A}.Release|x64.Build.0 = Release|Any CPU
		{0D665BF9-D09F-41BA-8031-C8156925F79A}.Release|x86.ActiveCfg = Release|Any CPU
		{0D665BF9-D09F-41BA-8031-C8156925F79A}.x64debug|Any CPU.ActiveCfg = Release|Any CPU
		{0D665BF9-D09F-41BA-8031-C8156925F79A}.x64debug|Any CPU.Build.0 = Release|Any CPU
		{0D665BF9-D09F-41BA-8031-C8156925F79A}.x64debug|Mixed Platforms.ActiveCfg = Release|Any CPU
		{0D665BF9-D09F-41BA-8031-C8156925F79A}.x64debug|Mixed Platforms.Build.0 = Release|Any CPU
		{0D665BF9-D09F-41BA-8031-C8156925F79A}.x64debug|x64.ActiveCfg = Release|Any CPU
		{0D665BF9-D09F-41BA-8031-C8156925F79A}.x64debug|x64.Build.0 = Release|Any CPU
		{0D665BF9-D09F-41BA-8031-C8156925F79A}.x64debug|x86.ActiveCfg = Release|Any CPU
		{0D665BF9-D09F-41BA-8031-C8156925F79A}.x64debug|x86.Build.0 = Release|Any CPU
		{0D665BF9-D09F-41BA-8031-C8156925F79A}.x64release|Any CPU.ActiveCfg = Release|Any CPU
		{0D665BF9-D09F-41BA-8031-C8156925F79A}.x64release|Any CPU.Build.0 = Release|Any CPU
		{0D665BF9-D09F-41BA-8031-C8156925F79A}.x64release|Mixed Platforms.ActiveCfg = Release|Any CPU
		{0D665BF9-D09F-41BA-8031-C8156925F79A}.x64release|Mixed Platforms.Build.0 = Release|Any CPU
		{0D665BF9-D09F-41BA-8031-C8156925F79A}.x64release|x64.ActiveCfg = Release|Any CPU
		{0D665BF9-D09F-41BA-8031-C8156925F79A}.x64release|x64.Build.0 = Release|Any CPU
		{0D665BF9-D09F-41BA-8031-C8156925F79A}.x64release|x86.ActiveCfg = Release|Any CPU
		{0D665BF9-D09F-41BA-8031-C8156925F79A}.x64release|x86.Build.0 = Release|Any CPU
		{9167F243-E5A1-447E-B47C-D117F5637FE3}.Debug|Any CPU.ActiveCfg = Debug|Any CPU
		{9167F243-E5A1-447E-B47C-D117F5637FE3}.Debug|Any CPU.Build.0 = Debug|Any CPU
		{9167F243-E5A1-447E-B47C-D117F5637FE3}.Debug|Mixed Platforms.ActiveCfg = Debug|Any CPU
		{9167F243-E5A1-447E-B47C-D117F5637FE3}.Debug|Mixed Platforms.Build.0 = Debug|Any CPU
		{9167F243-E5A1-447E-B47C-D117F5637FE3}.Debug|x64.ActiveCfg = Debug|Any CPU
		{9167F243-E5A1-447E-B47C-D117F5637FE3}.Debug|x64.Build.0 = Debug|Any CPU
		{9167F243-E5A1-447E-B47C-D117F5637FE3}.Debug|x86.ActiveCfg = Debug|Any CPU
		{9167F243-E5A1-447E-B47C-D117F5637FE3}.Release|Any CPU.ActiveCfg = Release|Any CPU
		{9167F243-E5A1-447E-B47C-D117F5637FE3}.Release|Any CPU.Build.0 = Release|Any CPU
		{9167F243-E5A1-447E-B47C-D117F5637FE3}.Release|Mixed Platforms.ActiveCfg = Release|Any CPU
		{9167F243-E5A1-447E-B47C-D117F5637FE3}.Release|Mixed Platforms.Build.0 = Release|Any CPU
		{9167F243-E5A1-447E-B47C-D117F5637FE3}.Release|x64.ActiveCfg = Release|Any CPU
		{9167F243-E5A1-447E-B47C-D117F5637FE3}.Release|x64.Build.0 = Release|Any CPU
		{9167F243-E5A1-447E-B47C-D117F5637FE3}.Release|x86.ActiveCfg = Release|Any CPU
		{9167F243-E5A1-447E-B47C-D117F5637FE3}.x64debug|Any CPU.ActiveCfg = Release|Any CPU
		{9167F243-E5A1-447E-B47C-D117F5637FE3}.x64debug|Any CPU.Build.0 = Release|Any CPU
		{9167F243-E5A1-447E-B47C-D117F5637FE3}.x64debug|Mixed Platforms.ActiveCfg = Release|Any CPU
		{9167F243-E5A1-447E-B47C-D117F5637FE3}.x64debug|Mixed Platforms.Build.0 = Release|Any CPU
		{9167F243-E5A1-447E-B47C-D117F5637FE3}.x64debug|x64.ActiveCfg = Release|Any CPU
		{9167F243-E5A1-447E-B47C-D117F5637FE3}.x64debug|x64.Build.0 = Release|Any CPU
		{9167F243-E5A1-447E-B47C-D117F5637FE3}.x64debug|x86.ActiveCfg = Release|Any CPU
		{9167F243-E5A1-447E-B47C-D117F5637FE3}.x64debug|x86.Build.0 = Release|Any CPU
		{9167F243-E5A1-447E-B47C-D117F5637FE3}.x64release|Any CPU.ActiveCfg = Release|Any CPU
		{9167F243-E5A1-447E-B47C-D117F5637FE3}.x64release|Any CPU.Build.0 = Release|Any CPU
		{9167F243-E5A1-447E-B47C-D117F5637FE3}.x64release|Mixed Platforms.ActiveCfg = Release|Any CPU
		{9167F243-E5A1-447E-B47C-D117F5637FE3}.x64release|Mixed Platforms.Build.0 = Release|Any CPU
		{9167F243-E5A1-447E-B47C-D117F5637FE3}.x64release|x64.ActiveCfg = Release|Any CPU
		{9167F243-E5A1-447E-B47C-D117F5637FE3}.x64release|x64.Build.0 = Release|Any CPU
		{9167F243-E5A1-447E-B47C-D117F5637FE3}.x64release|x86.ActiveCfg = Release|Any CPU
		{9167F243-E5A1-447E-B47C-D117F5637FE3}.x64release|x86.Build.0 = Release|Any CPU
		{B6CCDA11-BE06-4D3B-BB87-979D5905F545}.Debug|Any CPU.ActiveCfg = Debug|Any CPU
		{B6CCDA11-BE06-4D3B-BB87-979D5905F545}.Debug|Any CPU.Build.0 = Debug|Any CPU
		{B6CCDA11-BE06-4D3B-BB87-979D5905F545}.Debug|Mixed Platforms.ActiveCfg = Debug|Any CPU
		{B6CCDA11-BE06-4D3B-BB87-979D5905F545}.Debug|Mixed Platforms.Build.0 = Debug|Any CPU
		{B6CCDA11-BE06-4D3B-BB87-979D5905F545}.Debug|x64.ActiveCfg = Debug|Any CPU
		{B6CCDA11-BE06-4D3B-BB87-979D5905F545}.Debug|x64.Build.0 = Debug|Any CPU
		{B6CCDA11-BE06-4D3B-BB87-979D5905F545}.Debug|x86.ActiveCfg = Debug|Any CPU
		{B6CCDA11-BE06-4D3B-BB87-979D5905F545}.Release|Any CPU.ActiveCfg = Release|Any CPU
		{B6CCDA11-BE06-4D3B-BB87-979D5905F545}.Release|Any CPU.Build.0 = Release|Any CPU
		{B6CCDA11-BE06-4D3B-BB87-979D5905F545}.Release|Mixed Platforms.ActiveCfg = Release|Any CPU
		{B6CCDA11-BE06-4D3B-BB87-979D5905F545}.Release|Mixed Platforms.Build.0 = Release|Any CPU
		{B6CCDA11-BE06-4D3B-BB87-979D5905F545}.Release|x64.ActiveCfg = Release|Any CPU
		{B6CCDA11-BE06-4D3B-BB87-979D5905F545}.Release|x64.Build.0 = Release|Any CPU
		{B6CCDA11-BE06-4D3B-BB87-979D5905F545}.Release|x86.ActiveCfg = Release|Any CPU
		{B6CCDA11-BE06-4D3B-BB87-979D5905F545}.x64debug|Any CPU.ActiveCfg = Release|Any CPU
		{B6CCDA11-BE06-4D3B-BB87-979D5905F545}.x64debug|Any CPU.Build.0 = Release|Any CPU
		{B6CCDA11-BE06-4D3B-BB87-979D5905F545}.x64debug|Mixed Platforms.ActiveCfg = Release|Any CPU
		{B6CCDA11-BE06-4D3B-BB87-979D5905F545}.x64debug|Mixed Platforms.Build.0 = Release|Any CPU
		{B6CCDA11-BE06-4D3B-BB87-979D5905F545}.x64debug|x64.ActiveCfg = Release|Any CPU
		{B6CCDA11-BE06-4D3B-BB87-979D5905F545}.x64debug|x64.Build.0 = Release|Any CPU
		{B6CCDA11-BE06-4D3B-BB87-979D5905F545}.x64debug|x86.ActiveCfg = Release|Any CPU
		{B6CCDA11-BE06-4D3B-BB87-979D5905F545}.x64debug|x86.Build.0 = Release|Any CPU
		{B6CCDA11-BE06-4D3B-BB87-979D5905F545}.x64release|Any CPU.ActiveCfg = Release|Any CPU
		{B6CCDA11-BE06-4D3B-BB87-979D5905F545}.x64release|Any CPU.Build.0 = Release|Any CPU
		{B6CCDA11-BE06-4D3B-BB87-979D5905F545}.x64release|Mixed Platforms.ActiveCfg = Release|Any CPU
		{B6CCDA11-BE06-4D3B-BB87-979D5905F545}.x64release|Mixed Platforms.Build.0 = Release|Any CPU
		{B6CCDA11-BE06-4D3B-BB87-979D5905F545}.x64release|x64.ActiveCfg = Release|Any CPU
		{B6CCDA11-BE06-4D3B-BB87-979D5905F545}.x64release|x64.Build.0 = Release|Any CPU
		{B6CCDA11-BE06-4D3B-BB87-979D5905F545}.x64release|x86.ActiveCfg = Release|Any CPU
		{B6CCDA11-BE06-4D3B-BB87-979D5905F545}.x64release|x86.Build.0 = Release|Any CPU
		{CE957B99-E8B3-4F31-9F0A-03C10D9BB9EB}.Debug|Any CPU.ActiveCfg = Debug|Any CPU
		{CE957B99-E8B3-4F31-9F0A-03C10D9BB9EB}.Debug|Any CPU.Build.0 = Debug|Any CPU
		{CE957B99-E8B3-4F31-9F0A-03C10D9BB9EB}.Debug|Mixed Platforms.ActiveCfg = Debug|Any CPU
		{CE957B99-E8B3-4F31-9F0A-03C10D9BB9EB}.Debug|Mixed Platforms.Build.0 = Debug|Any CPU
		{CE957B99-E8B3-4F31-9F0A-03C10D9BB9EB}.Debug|x64.ActiveCfg = Debug|Any CPU
		{CE957B99-E8B3-4F31-9F0A-03C10D9BB9EB}.Debug|x64.Build.0 = Debug|Any CPU
		{CE957B99-E8B3-4F31-9F0A-03C10D9BB9EB}.Debug|x86.ActiveCfg = Debug|Any CPU
		{CE957B99-E8B3-4F31-9F0A-03C10D9BB9EB}.Debug|x86.Build.0 = Debug|Any CPU
		{CE957B99-E8B3-4F31-9F0A-03C10D9BB9EB}.Release|Any CPU.ActiveCfg = Release|Any CPU
		{CE957B99-E8B3-4F31-9F0A-03C10D9BB9EB}.Release|Any CPU.Build.0 = Release|Any CPU
		{CE957B99-E8B3-4F31-9F0A-03C10D9BB9EB}.Release|Mixed Platforms.ActiveCfg = Release|Any CPU
		{CE957B99-E8B3-4F31-9F0A-03C10D9BB9EB}.Release|Mixed Platforms.Build.0 = Release|Any CPU
		{CE957B99-E8B3-4F31-9F0A-03C10D9BB9EB}.Release|x64.ActiveCfg = Release|Any CPU
		{CE957B99-E8B3-4F31-9F0A-03C10D9BB9EB}.Release|x64.Build.0 = Release|Any CPU
		{CE957B99-E8B3-4F31-9F0A-03C10D9BB9EB}.Release|x86.ActiveCfg = Release|Any CPU
		{CE957B99-E8B3-4F31-9F0A-03C10D9BB9EB}.Release|x86.Build.0 = Release|Any CPU
		{CE957B99-E8B3-4F31-9F0A-03C10D9BB9EB}.x64debug|Any CPU.ActiveCfg = Release|Any CPU
		{CE957B99-E8B3-4F31-9F0A-03C10D9BB9EB}.x64debug|Any CPU.Build.0 = Release|Any CPU
		{CE957B99-E8B3-4F31-9F0A-03C10D9BB9EB}.x64debug|Mixed Platforms.ActiveCfg = Release|Any CPU
		{CE957B99-E8B3-4F31-9F0A-03C10D9BB9EB}.x64debug|Mixed Platforms.Build.0 = Release|Any CPU
		{CE957B99-E8B3-4F31-9F0A-03C10D9BB9EB}.x64debug|x64.ActiveCfg = Release|Any CPU
		{CE957B99-E8B3-4F31-9F0A-03C10D9BB9EB}.x64debug|x64.Build.0 = Release|Any CPU
		{CE957B99-E8B3-4F31-9F0A-03C10D9BB9EB}.x64debug|x86.ActiveCfg = Release|Any CPU
		{CE957B99-E8B3-4F31-9F0A-03C10D9BB9EB}.x64debug|x86.Build.0 = Release|Any CPU
		{CE957B99-E8B3-4F31-9F0A-03C10D9BB9EB}.x64release|Any CPU.ActiveCfg = Release|Any CPU
		{CE957B99-E8B3-4F31-9F0A-03C10D9BB9EB}.x64release|Any CPU.Build.0 = Release|Any CPU
		{CE957B99-E8B3-4F31-9F0A-03C10D9BB9EB}.x64release|Mixed Platforms.ActiveCfg = Release|Any CPU
		{CE957B99-E8B3-4F31-9F0A-03C10D9BB9EB}.x64release|Mixed Platforms.Build.0 = Release|Any CPU
		{CE957B99-E8B3-4F31-9F0A-03C10D9BB9EB}.x64release|x64.ActiveCfg = Release|Any CPU
		{CE957B99-E8B3-4F31-9F0A-03C10D9BB9EB}.x64release|x64.Build.0 = Release|Any CPU
		{CE957B99-E8B3-4F31-9F0A-03C10D9BB9EB}.x64release|x86.ActiveCfg = Release|Any CPU
		{CE957B99-E8B3-4F31-9F0A-03C10D9BB9EB}.x64release|x86.Build.0 = Release|Any CPU
		{07AED4E8-BD38-4F36-8837-959153ACB066}.Debug|Any CPU.ActiveCfg = Debug|Any CPU
		{07AED4E8-BD38-4F36-8837-959153ACB066}.Debug|Any CPU.Build.0 = Debug|Any CPU
		{07AED4E8-BD38-4F36-8837-959153ACB066}.Debug|Mixed Platforms.ActiveCfg = Debug|Any CPU
		{07AED4E8-BD38-4F36-8837-959153ACB066}.Debug|Mixed Platforms.Build.0 = Debug|Any CPU
		{07AED4E8-BD38-4F36-8837-959153ACB066}.Debug|x64.ActiveCfg = Debug|Any CPU
		{07AED4E8-BD38-4F36-8837-959153ACB066}.Debug|x64.Build.0 = Debug|Any CPU
		{07AED4E8-BD38-4F36-8837-959153ACB066}.Debug|x86.ActiveCfg = Debug|Any CPU
		{07AED4E8-BD38-4F36-8837-959153ACB066}.Debug|x86.Build.0 = Debug|Any CPU
		{07AED4E8-BD38-4F36-8837-959153ACB066}.Release|Any CPU.ActiveCfg = Release|Any CPU
		{07AED4E8-BD38-4F36-8837-959153ACB066}.Release|Any CPU.Build.0 = Release|Any CPU
		{07AED4E8-BD38-4F36-8837-959153ACB066}.Release|Mixed Platforms.ActiveCfg = Release|Any CPU
		{07AED4E8-BD38-4F36-8837-959153ACB066}.Release|Mixed Platforms.Build.0 = Release|Any CPU
		{07AED4E8-BD38-4F36-8837-959153ACB066}.Release|x64.ActiveCfg = Release|Any CPU
		{07AED4E8-BD38-4F36-8837-959153ACB066}.Release|x64.Build.0 = Release|Any CPU
		{07AED4E8-BD38-4F36-8837-959153ACB066}.Release|x86.ActiveCfg = Release|Any CPU
		{07AED4E8-BD38-4F36-8837-959153ACB066}.Release|x86.Build.0 = Release|Any CPU
		{07AED4E8-BD38-4F36-8837-959153ACB066}.x64debug|Any CPU.ActiveCfg = Release|Any CPU
		{07AED4E8-BD38-4F36-8837-959153ACB066}.x64debug|Any CPU.Build.0 = Release|Any CPU
		{07AED4E8-BD38-4F36-8837-959153ACB066}.x64debug|Mixed Platforms.ActiveCfg = Release|Any CPU
		{07AED4E8-BD38-4F36-8837-959153ACB066}.x64debug|Mixed Platforms.Build.0 = Release|Any CPU
		{07AED4E8-BD38-4F36-8837-959153ACB066}.x64debug|x64.ActiveCfg = Release|Any CPU
		{07AED4E8-BD38-4F36-8837-959153ACB066}.x64debug|x64.Build.0 = Release|Any CPU
		{07AED4E8-BD38-4F36-8837-959153ACB066}.x64debug|x86.ActiveCfg = Release|Any CPU
		{07AED4E8-BD38-4F36-8837-959153ACB066}.x64debug|x86.Build.0 = Release|Any CPU
		{07AED4E8-BD38-4F36-8837-959153ACB066}.x64release|Any CPU.ActiveCfg = Release|Any CPU
		{07AED4E8-BD38-4F36-8837-959153ACB066}.x64release|Any CPU.Build.0 = Release|Any CPU
		{07AED4E8-BD38-4F36-8837-959153ACB066}.x64release|Mixed Platforms.ActiveCfg = Release|Any CPU
		{07AED4E8-BD38-4F36-8837-959153ACB066}.x64release|Mixed Platforms.Build.0 = Release|Any CPU
		{07AED4E8-BD38-4F36-8837-959153ACB066}.x64release|x64.ActiveCfg = Release|Any CPU
		{07AED4E8-BD38-4F36-8837-959153ACB066}.x64release|x64.Build.0 = Release|Any CPU
		{07AED4E8-BD38-4F36-8837-959153ACB066}.x64release|x86.ActiveCfg = Release|Any CPU
		{07AED4E8-BD38-4F36-8837-959153ACB066}.x64release|x86.Build.0 = Release|Any CPU
		{BD2E8FF2-D19D-4AA2-B9FA-5DB30DCF3818}.Debug|Any CPU.ActiveCfg = Debug|Any CPU
		{BD2E8FF2-D19D-4AA2-B9FA-5DB30DCF3818}.Debug|Any CPU.Build.0 = Debug|Any CPU
		{BD2E8FF2-D19D-4AA2-B9FA-5DB30DCF3818}.Debug|Mixed Platforms.ActiveCfg = Debug|Any CPU
		{BD2E8FF2-D19D-4AA2-B9FA-5DB30DCF3818}.Debug|Mixed Platforms.Build.0 = Debug|Any CPU
		{BD2E8FF2-D19D-4AA2-B9FA-5DB30DCF3818}.Debug|x64.ActiveCfg = Debug|Any CPU
		{BD2E8FF2-D19D-4AA2-B9FA-5DB30DCF3818}.Debug|x64.Build.0 = Debug|Any CPU
		{BD2E8FF2-D19D-4AA2-B9FA-5DB30DCF3818}.Debug|x86.ActiveCfg = Debug|Any CPU
		{BD2E8FF2-D19D-4AA2-B9FA-5DB30DCF3818}.Debug|x86.Build.0 = Debug|Any CPU
		{BD2E8FF2-D19D-4AA2-B9FA-5DB30DCF3818}.Release|Any CPU.ActiveCfg = Release|Any CPU
		{BD2E8FF2-D19D-4AA2-B9FA-5DB30DCF3818}.Release|Any CPU.Build.0 = Release|Any CPU
		{BD2E8FF2-D19D-4AA2-B9FA-5DB30DCF3818}.Release|Mixed Platforms.ActiveCfg = Release|Any CPU
		{BD2E8FF2-D19D-4AA2-B9FA-5DB30DCF3818}.Release|Mixed Platforms.Build.0 = Release|Any CPU
		{BD2E8FF2-D19D-4AA2-B9FA-5DB30DCF3818}.Release|x64.ActiveCfg = Release|Any CPU
		{BD2E8FF2-D19D-4AA2-B9FA-5DB30DCF3818}.Release|x64.Build.0 = Release|Any CPU
		{BD2E8FF2-D19D-4AA2-B9FA-5DB30DCF3818}.Release|x86.ActiveCfg = Release|Any CPU
		{BD2E8FF2-D19D-4AA2-B9FA-5DB30DCF3818}.Release|x86.Build.0 = Release|Any CPU
		{BD2E8FF2-D19D-4AA2-B9FA-5DB30DCF3818}.x64debug|Any CPU.ActiveCfg = Release|Any CPU
		{BD2E8FF2-D19D-4AA2-B9FA-5DB30DCF3818}.x64debug|Any CPU.Build.0 = Release|Any CPU
		{BD2E8FF2-D19D-4AA2-B9FA-5DB30DCF3818}.x64debug|Mixed Platforms.ActiveCfg = Release|Any CPU
		{BD2E8FF2-D19D-4AA2-B9FA-5DB30DCF3818}.x64debug|Mixed Platforms.Build.0 = Release|Any CPU
		{BD2E8FF2-D19D-4AA2-B9FA-5DB30DCF3818}.x64debug|x64.ActiveCfg = Release|Any CPU
		{BD2E8FF2-D19D-4AA2-B9FA-5DB30DCF3818}.x64debug|x64.Build.0 = Release|Any CPU
		{BD2E8FF2-D19D-4AA2-B9FA-5DB30DCF3818}.x64debug|x86.ActiveCfg = Release|Any CPU
		{BD2E8FF2-D19D-4AA2-B9FA-5DB30DCF3818}.x64debug|x86.Build.0 = Release|Any CPU
		{BD2E8FF2-D19D-4AA2-B9FA-5DB30DCF3818}.x64release|Any CPU.ActiveCfg = Release|Any CPU
		{BD2E8FF2-D19D-4AA2-B9FA-5DB30DCF3818}.x64release|Any CPU.Build.0 = Release|Any CPU
		{BD2E8FF2-D19D-4AA2-B9FA-5DB30DCF3818}.x64release|Mixed Platforms.ActiveCfg = Release|Any CPU
		{BD2E8FF2-D19D-4AA2-B9FA-5DB30DCF3818}.x64release|Mixed Platforms.Build.0 = Release|Any CPU
		{BD2E8FF2-D19D-4AA2-B9FA-5DB30DCF3818}.x64release|x64.ActiveCfg = Release|Any CPU
		{BD2E8FF2-D19D-4AA2-B9FA-5DB30DCF3818}.x64release|x64.Build.0 = Release|Any CPU
		{BD2E8FF2-D19D-4AA2-B9FA-5DB30DCF3818}.x64release|x86.ActiveCfg = Release|Any CPU
		{BD2E8FF2-D19D-4AA2-B9FA-5DB30DCF3818}.x64release|x86.Build.0 = Release|Any CPU
		{67C45F5A-4C26-48CF-8B87-18AA054D49DF}.Debug|Any CPU.ActiveCfg = Debug|Any CPU
		{67C45F5A-4C26-48CF-8B87-18AA054D49DF}.Debug|Any CPU.Build.0 = Debug|Any CPU
		{67C45F5A-4C26-48CF-8B87-18AA054D49DF}.Debug|Mixed Platforms.ActiveCfg = Debug|Any CPU
		{67C45F5A-4C26-48CF-8B87-18AA054D49DF}.Debug|Mixed Platforms.Build.0 = Debug|Any CPU
		{67C45F5A-4C26-48CF-8B87-18AA054D49DF}.Debug|x64.ActiveCfg = Debug|Any CPU
		{67C45F5A-4C26-48CF-8B87-18AA054D49DF}.Debug|x64.Build.0 = Debug|Any CPU
		{67C45F5A-4C26-48CF-8B87-18AA054D49DF}.Debug|x86.ActiveCfg = Debug|Any CPU
		{67C45F5A-4C26-48CF-8B87-18AA054D49DF}.Debug|x86.Build.0 = Debug|Any CPU
		{67C45F5A-4C26-48CF-8B87-18AA054D49DF}.Release|Any CPU.ActiveCfg = Release|Any CPU
		{67C45F5A-4C26-48CF-8B87-18AA054D49DF}.Release|Any CPU.Build.0 = Release|Any CPU
		{67C45F5A-4C26-48CF-8B87-18AA054D49DF}.Release|Mixed Platforms.ActiveCfg = Release|Any CPU
		{67C45F5A-4C26-48CF-8B87-18AA054D49DF}.Release|Mixed Platforms.Build.0 = Release|Any CPU
		{67C45F5A-4C26-48CF-8B87-18AA054D49DF}.Release|x64.ActiveCfg = Release|Any CPU
		{67C45F5A-4C26-48CF-8B87-18AA054D49DF}.Release|x64.Build.0 = Release|Any CPU
		{67C45F5A-4C26-48CF-8B87-18AA054D49DF}.Release|x86.ActiveCfg = Release|Any CPU
		{67C45F5A-4C26-48CF-8B87-18AA054D49DF}.Release|x86.Build.0 = Release|Any CPU
		{67C45F5A-4C26-48CF-8B87-18AA054D49DF}.x64debug|Any CPU.ActiveCfg = Release|Any CPU
		{67C45F5A-4C26-48CF-8B87-18AA054D49DF}.x64debug|Any CPU.Build.0 = Release|Any CPU
		{67C45F5A-4C26-48CF-8B87-18AA054D49DF}.x64debug|Mixed Platforms.ActiveCfg = Release|Any CPU
		{67C45F5A-4C26-48CF-8B87-18AA054D49DF}.x64debug|Mixed Platforms.Build.0 = Release|Any CPU
		{67C45F5A-4C26-48CF-8B87-18AA054D49DF}.x64debug|x64.ActiveCfg = Release|Any CPU
		{67C45F5A-4C26-48CF-8B87-18AA054D49DF}.x64debug|x64.Build.0 = Release|Any CPU
		{67C45F5A-4C26-48CF-8B87-18AA054D49DF}.x64debug|x86.ActiveCfg = Release|Any CPU
		{67C45F5A-4C26-48CF-8B87-18AA054D49DF}.x64debug|x86.Build.0 = Release|Any CPU
		{67C45F5A-4C26-48CF-8B87-18AA054D49DF}.x64release|Any CPU.ActiveCfg = Release|Any CPU
		{67C45F5A-4C26-48CF-8B87-18AA054D49DF}.x64release|Any CPU.Build.0 = Release|Any CPU
		{67C45F5A-4C26-48CF-8B87-18AA054D49DF}.x64release|Mixed Platforms.ActiveCfg = Release|Any CPU
		{67C45F5A-4C26-48CF-8B87-18AA054D49DF}.x64release|Mixed Platforms.Build.0 = Release|Any CPU
		{67C45F5A-4C26-48CF-8B87-18AA054D49DF}.x64release|x64.ActiveCfg = Release|Any CPU
		{67C45F5A-4C26-48CF-8B87-18AA054D49DF}.x64release|x64.Build.0 = Release|Any CPU
		{67C45F5A-4C26-48CF-8B87-18AA054D49DF}.x64release|x86.ActiveCfg = Release|Any CPU
		{67C45F5A-4C26-48CF-8B87-18AA054D49DF}.x64release|x86.Build.0 = Release|Any CPU
		{A6ADE708-D1B1-41D9-80F6-9A1DEEC79E36}.Debug|Any CPU.ActiveCfg = Debug|Any CPU
		{A6ADE708-D1B1-41D9-80F6-9A1DEEC79E36}.Debug|Any CPU.Build.0 = Debug|Any CPU
		{A6ADE708-D1B1-41D9-80F6-9A1DEEC79E36}.Debug|Mixed Platforms.ActiveCfg = Debug|Any CPU
		{A6ADE708-D1B1-41D9-80F6-9A1DEEC79E36}.Debug|Mixed Platforms.Build.0 = Debug|Any CPU
		{A6ADE708-D1B1-41D9-80F6-9A1DEEC79E36}.Debug|x64.ActiveCfg = Debug|Any CPU
		{A6ADE708-D1B1-41D9-80F6-9A1DEEC79E36}.Debug|x64.Build.0 = Debug|Any CPU
		{A6ADE708-D1B1-41D9-80F6-9A1DEEC79E36}.Debug|x86.ActiveCfg = Debug|Any CPU
		{A6ADE708-D1B1-41D9-80F6-9A1DEEC79E36}.Debug|x86.Build.0 = Debug|Any CPU
		{A6ADE708-D1B1-41D9-80F6-9A1DEEC79E36}.Release|Any CPU.ActiveCfg = Release|Any CPU
		{A6ADE708-D1B1-41D9-80F6-9A1DEEC79E36}.Release|Any CPU.Build.0 = Release|Any CPU
		{A6ADE708-D1B1-41D9-80F6-9A1DEEC79E36}.Release|Mixed Platforms.ActiveCfg = Release|Any CPU
		{A6ADE708-D1B1-41D9-80F6-9A1DEEC79E36}.Release|Mixed Platforms.Build.0 = Release|Any CPU
		{A6ADE708-D1B1-41D9-80F6-9A1DEEC79E36}.Release|x64.ActiveCfg = Release|Any CPU
		{A6ADE708-D1B1-41D9-80F6-9A1DEEC79E36}.Release|x64.Build.0 = Release|Any CPU
		{A6ADE708-D1B1-41D9-80F6-9A1DEEC79E36}.Release|x86.ActiveCfg = Release|Any CPU
		{A6ADE708-D1B1-41D9-80F6-9A1DEEC79E36}.Release|x86.Build.0 = Release|Any CPU
		{A6ADE708-D1B1-41D9-80F6-9A1DEEC79E36}.x64debug|Any CPU.ActiveCfg = Debug|Any CPU
		{A6ADE708-D1B1-41D9-80F6-9A1DEEC79E36}.x64debug|Any CPU.Build.0 = Debug|Any CPU
		{A6ADE708-D1B1-41D9-80F6-9A1DEEC79E36}.x64debug|Mixed Platforms.ActiveCfg = Debug|Any CPU
		{A6ADE708-D1B1-41D9-80F6-9A1DEEC79E36}.x64debug|Mixed Platforms.Build.0 = Debug|Any CPU
		{A6ADE708-D1B1-41D9-80F6-9A1DEEC79E36}.x64debug|x64.ActiveCfg = Debug|Any CPU
		{A6ADE708-D1B1-41D9-80F6-9A1DEEC79E36}.x64debug|x64.Build.0 = Debug|Any CPU
		{A6ADE708-D1B1-41D9-80F6-9A1DEEC79E36}.x64debug|x86.ActiveCfg = Debug|Any CPU
		{A6ADE708-D1B1-41D9-80F6-9A1DEEC79E36}.x64debug|x86.Build.0 = Debug|Any CPU
		{A6ADE708-D1B1-41D9-80F6-9A1DEEC79E36}.x64release|Any CPU.ActiveCfg = Debug|Any CPU
		{A6ADE708-D1B1-41D9-80F6-9A1DEEC79E36}.x64release|Any CPU.Build.0 = Debug|Any CPU
		{A6ADE708-D1B1-41D9-80F6-9A1DEEC79E36}.x64release|Mixed Platforms.ActiveCfg = Debug|Any CPU
		{A6ADE708-D1B1-41D9-80F6-9A1DEEC79E36}.x64release|Mixed Platforms.Build.0 = Debug|Any CPU
		{A6ADE708-D1B1-41D9-80F6-9A1DEEC79E36}.x64release|x64.ActiveCfg = Debug|Any CPU
		{A6ADE708-D1B1-41D9-80F6-9A1DEEC79E36}.x64release|x64.Build.0 = Debug|Any CPU
		{A6ADE708-D1B1-41D9-80F6-9A1DEEC79E36}.x64release|x86.ActiveCfg = Debug|Any CPU
		{A6ADE708-D1B1-41D9-80F6-9A1DEEC79E36}.x64release|x86.Build.0 = Debug|Any CPU
	EndGlobalSection
	GlobalSection(SolutionProperties) = preSolution
		HideSolutionNode = FALSE
	EndGlobalSection
	GlobalSection(ExtensibilityGlobals) = postSolution
		SolutionGuid = {1F4FE686-F836-4E7D-91FD-834068576E8A}
	EndGlobalSection
EndGlobal
